
Microsoft Visual Studio Solution File, Format Version 12.00
# Visual Studio 2013
VisualStudioVersion = 12.0.30110.0
MinimumVisualStudioVersion = 10.0.40219.1
Project("{FAE04EC0-301F-11D3-BF4B-00C04F79EFBC}") = "NugetLibsOnly", "NugetLibsOnly\NugetLibsOnly.csproj", "{9107BE19-B9C5-4374-B5A5-A930ED9FBF28}"
EndProject
Project("{2150E333-8FDC-42A3-9474-1A3956D46DE8}") = ".nuget", ".nuget", "{FC0B2BF6-7A24-4C9B-B0B9-2CDB8AD59810}"
	ProjectSection(SolutionItems) = preProject
		.nuget\NuGet.Config = .nuget\NuGet.Config
		.nuget\NuGet.exe = .nuget\NuGet.exe
		.nuget\NuGet.targets = .nuget\NuGet.targets
	EndProjectSection
EndProject
Global
	GlobalSection(SolutionConfigurationPlatforms) = preSolution
		Debug|Any CPU = Debug|Any CPU
		Release|Any CPU = Release|Any CPU
	EndGlobalSection
	GlobalSection(ProjectConfigurationPlatforms) = postSolution
		{9107BE19-B9C5-4374-B5A5-A930ED9FBF28}.Debug|Any CPU.ActiveCfg = Debug|Any CPU
		{9107BE19-B9C5-4374-B5A5-A930ED9FBF28}.Debug|Any CPU.Build.0 = Debug|Any CPU
		{9107BE19-B9C5-4374-B5A5-A930ED9FBF28}.Release|Any CPU.ActiveCfg = Release|Any CPU
		{9107BE19-B9C5-4374-B5A5-A930ED9FBF28}.Release|Any CPU.Build.0 = Release|Any CPU
	EndGlobalSection
	GlobalSection(SolutionProperties) = preSolution
		HideSolutionNode = FALSE
	EndGlobalSection
EndGlobal
