
Microsoft Visual Studio Solution File, Format Version 12.00
# Visual Studio 14
VisualStudioVersion = 14.0.25420.1
MinimumVisualStudioVersion = 10.0.40219.1
Project("{FAE04EC0-301F-11D3-BF4B-00C04F79EFBC}") = "DispatcherHelperSample.SL", "DispatcherHelper.SL\DispatcherHelperSample.SL.csproj", "{950C8A3B-C728-4270-B64E-A1E8864EFEAD}"
EndProject
Project("{FAE04EC0-301F-11D3-BF4B-00C04F79EFBC}") = "DispatcherHelper.Wpf", "DispatcherHelper.Wpf\DispatcherHelper.Wpf.csproj", "{33215DAE-EE1E-4AE0-8D66-0D99F36E3F53}"
EndProject
Project("{2150E333-8FDC-42A3-9474-1A3956D46DE8}") = ".nuget", ".nuget", "{77553A7B-218A-43D3-BEE9-8ECEED4B2B10}"
	ProjectSection(SolutionItems) = preProject
		.nuget\NuGet.Config = .nuget\NuGet.Config
		.nuget\NuGet.exe = .nuget\NuGet.exe
		.nuget\NuGet.targets = .nuget\NuGet.targets
	EndProjectSection
EndProject
Project("{FAE04EC0-301F-11D3-BF4B-00C04F79EFBC}") = "DispatcherHelperSample", "DispatcherHelper\DispatcherHelperSample.csproj", "{A2A0755B-8EF9-4BB8-8D74-09878FF4E093}"
EndProject
Global
	GlobalSection(SolutionConfigurationPlatforms) = preSolution
		Debug|Any CPU = Debug|Any CPU
		Debug|ARM = Debug|ARM
		Debug|x86 = Debug|x86
		Release|Any CPU = Release|Any CPU
		Release|ARM = Release|ARM
		Release|x86 = Release|x86
	EndGlobalSection
	GlobalSection(ProjectConfigurationPlatforms) = postSolution
		{950C8A3B-C728-4270-B64E-A1E8864EFEAD}.Debug|Any CPU.ActiveCfg = Debug|Any CPU
		{950C8A3B-C728-4270-B64E-A1E8864EFEAD}.Debug|Any CPU.Build.0 = Debug|Any CPU
		{950C8A3B-C728-4270-B64E-A1E8864EFEAD}.Debug|ARM.ActiveCfg = Debug|Any CPU
		{950C8A3B-C728-4270-B64E-A1E8864EFEAD}.Debug|ARM.Build.0 = Debug|Any CPU
		{950C8A3B-C728-4270-B64E-A1E8864EFEAD}.Debug|x86.ActiveCfg = Debug|Any CPU
		{950C8A3B-C728-4270-B64E-A1E8864EFEAD}.Debug|x86.Build.0 = Debug|Any CPU
		{950C8A3B-C728-4270-B64E-A1E8864EFEAD}.Release|Any CPU.ActiveCfg = Release|Any CPU
		{950C8A3B-C728-4270-B64E-A1E8864EFEAD}.Release|Any CPU.Build.0 = Release|Any CPU
		{950C8A3B-C728-4270-B64E-A1E8864EFEAD}.Release|ARM.ActiveCfg = Release|Any CPU
		{950C8A3B-C728-4270-B64E-A1E8864EFEAD}.Release|ARM.Build.0 = Release|Any CPU
		{950C8A3B-C728-4270-B64E-A1E8864EFEAD}.Release|x86.ActiveCfg = Release|Any CPU
		{950C8A3B-C728-4270-B64E-A1E8864EFEAD}.Release|x86.Build.0 = Release|Any CPU
		{33215DAE-EE1E-4AE0-8D66-0D99F36E3F53}.Debug|Any CPU.ActiveCfg = Debug|Any CPU
		{33215DAE-EE1E-4AE0-8D66-0D99F36E3F53}.Debug|Any CPU.Build.0 = Debug|Any CPU
		{33215DAE-EE1E-4AE0-8D66-0D99F36E3F53}.Debug|ARM.ActiveCfg = Debug|Any CPU
		{33215DAE-EE1E-4AE0-8D66-0D99F36E3F53}.Debug|ARM.Build.0 = Debug|Any CPU
		{33215DAE-EE1E-4AE0-8D66-0D99F36E3F53}.Debug|x86.ActiveCfg = Debug|Any CPU
		{33215DAE-EE1E-4AE0-8D66-0D99F36E3F53}.Debug|x86.Build.0 = Debug|Any CPU
		{33215DAE-EE1E-4AE0-8D66-0D99F36E3F53}.Release|Any CPU.ActiveCfg = Release|Any CPU
		{33215DAE-EE1E-4AE0-8D66-0D99F36E3F53}.Release|Any CPU.Build.0 = Release|Any CPU
		{33215DAE-EE1E-4AE0-8D66-0D99F36E3F53}.Release|ARM.ActiveCfg = Release|Any CPU
		{33215DAE-EE1E-4AE0-8D66-0D99F36E3F53}.Release|ARM.Build.0 = Release|Any CPU
		{33215DAE-EE1E-4AE0-8D66-0D99F36E3F53}.Release|x86.ActiveCfg = Release|Any CPU
		{33215DAE-EE1E-4AE0-8D66-0D99F36E3F53}.Release|x86.Build.0 = Release|Any CPU
		{A2A0755B-8EF9-4BB8-8D74-09878FF4E093}.Debug|Any CPU.ActiveCfg = Debug|Any CPU
		{A2A0755B-8EF9-4BB8-8D74-09878FF4E093}.Debug|Any CPU.Build.0 = Debug|Any CPU
		{A2A0755B-8EF9-4BB8-8D74-09878FF4E093}.Debug|Any CPU.Deploy.0 = Debug|Any CPU
		{A2A0755B-8EF9-4BB8-8D74-09878FF4E093}.Debug|ARM.ActiveCfg = Debug|ARM
		{A2A0755B-8EF9-4BB8-8D74-09878FF4E093}.Debug|ARM.Build.0 = Debug|ARM
		{A2A0755B-8EF9-4BB8-8D74-09878FF4E093}.Debug|ARM.Deploy.0 = Debug|ARM
		{A2A0755B-8EF9-4BB8-8D74-09878FF4E093}.Debug|x86.ActiveCfg = Debug|x86
		{A2A0755B-8EF9-4BB8-8D74-09878FF4E093}.Debug|x86.Build.0 = Debug|x86
		{A2A0755B-8EF9-4BB8-8D74-09878FF4E093}.Debug|x86.Deploy.0 = Debug|x86
		{A2A0755B-8EF9-4BB8-8D74-09878FF4E093}.Release|Any CPU.ActiveCfg = Release|Any CPU
		{A2A0755B-8EF9-4BB8-8D74-09878FF4E093}.Release|Any CPU.Build.0 = Release|Any CPU
		{A2A0755B-8EF9-4BB8-8D74-09878FF4E093}.Release|Any CPU.Deploy.0 = Release|Any CPU
		{A2A0755B-8EF9-4BB8-8D74-09878FF4E093}.Release|ARM.ActiveCfg = Release|ARM
		{A2A0755B-8EF9-4BB8-8D74-09878FF4E093}.Release|ARM.Build.0 = Release|ARM
		{A2A0755B-8EF9-4BB8-8D74-09878FF4E093}.Release|ARM.Deploy.0 = Release|ARM
		{A2A0755B-8EF9-4BB8-8D74-09878FF4E093}.Release|x86.ActiveCfg = Release|x86
		{A2A0755B-8EF9-4BB8-8D74-09878FF4E093}.Release|x86.Build.0 = Release|x86
		{A2A0755B-8EF9-4BB8-8D74-09878FF4E093}.Release|x86.Deploy.0 = Release|x86
	EndGlobalSection
	GlobalSection(SolutionProperties) = preSolution
		HideSolutionNode = FALSE
	EndGlobalSection
EndGlobal
