
Microsoft Visual Studio Solution File, Format Version 12.00
# Blend for Visual Studio 14
VisualStudioVersion = 14.0.25420.1
MinimumVisualStudioVersion = 10.0.40219.1
Project("{FAE04EC0-301F-11D3-BF4B-00C04F79EFBC}") = "SelectableList", "SelectableList\SelectableList.csproj", "{6A7F041F-CF90-407C-8113-55F3150E038C}"
EndProject
Project("{FAE04EC0-301F-11D3-BF4B-00C04F79EFBC}") = "SelectableList.Test", "SelectableList.Test\SelectableList.Test.csproj", "{CE71BC55-B984-4451-AAF0-0519C76CD3E6}"
EndProject
Project("{2150E333-8FDC-42A3-9474-1A3956D46DE8}") = ".nuget", ".nuget", "{B3E97F13-ED33-4B8A-9D0A-7271B50A58DF}"
	ProjectSection(SolutionItems) = preProject
		.nuget\NuGet.Config = .nuget\NuGet.Config
		.nuget\NuGet.exe = .nuget\NuGet.exe
		.nuget\NuGet.targets = .nuget\NuGet.targets
	EndProjectSection
EndProject
Global
	GlobalSection(SolutionConfigurationPlatforms) = preSolution
		Debug|Any CPU = Debug|Any CPU
		Debug|ARM = Debug|ARM
		Debug|Mixed Platforms = Debug|Mixed Platforms
		Debug|x86 = Debug|x86
		Release|Any CPU = Release|Any CPU
		Release|ARM = Release|ARM
		Release|Mixed Platforms = Release|Mixed Platforms
		Release|x86 = Release|x86
	EndGlobalSection
	GlobalSection(ProjectConfigurationPlatforms) = postSolution
		{6A7F041F-CF90-407C-8113-55F3150E038C}.Debug|Any CPU.ActiveCfg = Debug|Any CPU
		{6A7F041F-CF90-407C-8113-55F3150E038C}.Debug|Any CPU.Build.0 = Debug|Any CPU
		{6A7F041F-CF90-407C-8113-55F3150E038C}.Debug|Any CPU.Deploy.0 = Debug|Any CPU
		{6A7F041F-CF90-407C-8113-55F3150E038C}.Debug|ARM.ActiveCfg = Debug|ARM
		{6A7F041F-CF90-407C-8113-55F3150E038C}.Debug|ARM.Build.0 = Debug|ARM
		{6A7F041F-CF90-407C-8113-55F3150E038C}.Debug|ARM.Deploy.0 = Debug|ARM
		{6A7F041F-CF90-407C-8113-55F3150E038C}.Debug|Mixed Platforms.ActiveCfg = Debug|x86
		{6A7F041F-CF90-407C-8113-55F3150E038C}.Debug|Mixed Platforms.Build.0 = Debug|x86
		{6A7F041F-CF90-407C-8113-55F3150E038C}.Debug|Mixed Platforms.Deploy.0 = Debug|x86
		{6A7F041F-CF90-407C-8113-55F3150E038C}.Debug|x86.ActiveCfg = Debug|x86
		{6A7F041F-CF90-407C-8113-55F3150E038C}.Debug|x86.Build.0 = Debug|x86
		{6A7F041F-CF90-407C-8113-55F3150E038C}.Debug|x86.Deploy.0 = Debug|x86
		{6A7F041F-CF90-407C-8113-55F3150E038C}.Release|Any CPU.ActiveCfg = Release|Any CPU
		{6A7F041F-CF90-407C-8113-55F3150E038C}.Release|Any CPU.Build.0 = Release|Any CPU
		{6A7F041F-CF90-407C-8113-55F3150E038C}.Release|Any CPU.Deploy.0 = Release|Any CPU
		{6A7F041F-CF90-407C-8113-55F3150E038C}.Release|ARM.ActiveCfg = Release|ARM
		{6A7F041F-CF90-407C-8113-55F3150E038C}.Release|ARM.Build.0 = Release|ARM
		{6A7F041F-CF90-407C-8113-55F3150E038C}.Release|ARM.Deploy.0 = Release|ARM
		{6A7F041F-CF90-407C-8113-55F3150E038C}.Release|Mixed Platforms.ActiveCfg = Release|x86
		{6A7F041F-CF90-407C-8113-55F3150E038C}.Release|Mixed Platforms.Build.0 = Release|x86
		{6A7F041F-CF90-407C-8113-55F3150E038C}.Release|Mixed Platforms.Deploy.0 = Release|x86
		{6A7F041F-CF90-407C-8113-55F3150E038C}.Release|x86.ActiveCfg = Release|x86
		{6A7F041F-CF90-407C-8113-55F3150E038C}.Release|x86.Build.0 = Release|x86
		{6A7F041F-CF90-407C-8113-55F3150E038C}.Release|x86.Deploy.0 = Release|x86
		{CE71BC55-B984-4451-AAF0-0519C76CD3E6}.Debug|Any CPU.ActiveCfg = Debug|x86
		{CE71BC55-B984-4451-AAF0-0519C76CD3E6}.Debug|ARM.ActiveCfg = Debug|ARM
		{CE71BC55-B984-4451-AAF0-0519C76CD3E6}.Debug|ARM.Build.0 = Debug|ARM
		{CE71BC55-B984-4451-AAF0-0519C76CD3E6}.Debug|ARM.Deploy.0 = Debug|ARM
		{CE71BC55-B984-4451-AAF0-0519C76CD3E6}.Debug|Mixed Platforms.ActiveCfg = Debug|x86
		{CE71BC55-B984-4451-AAF0-0519C76CD3E6}.Debug|Mixed Platforms.Build.0 = Debug|x86
		{CE71BC55-B984-4451-AAF0-0519C76CD3E6}.Debug|Mixed Platforms.Deploy.0 = Debug|x86
		{CE71BC55-B984-4451-AAF0-0519C76CD3E6}.Debug|x86.ActiveCfg = Debug|x86
		{CE71BC55-B984-4451-AAF0-0519C76CD3E6}.Debug|x86.Build.0 = Debug|x86
		{CE71BC55-B984-4451-AAF0-0519C76CD3E6}.Debug|x86.Deploy.0 = Debug|x86
		{CE71BC55-B984-4451-AAF0-0519C76CD3E6}.Release|Any CPU.ActiveCfg = Release|x86
		{CE71BC55-B984-4451-AAF0-0519C76CD3E6}.Release|ARM.ActiveCfg = Release|ARM
		{CE71BC55-B984-4451-AAF0-0519C76CD3E6}.Release|ARM.Build.0 = Release|ARM
		{CE71BC55-B984-4451-AAF0-0519C76CD3E6}.Release|ARM.Deploy.0 = Release|ARM
		{CE71BC55-B984-4451-AAF0-0519C76CD3E6}.Release|Mixed Platforms.ActiveCfg = Release|x86
		{CE71BC55-B984-4451-AAF0-0519C76CD3E6}.Release|Mixed Platforms.Build.0 = Release|x86
		{CE71BC55-B984-4451-AAF0-0519C76CD3E6}.Release|Mixed Platforms.Deploy.0 = Release|x86
		{CE71BC55-B984-4451-AAF0-0519C76CD3E6}.Release|x86.ActiveCfg = Release|x86
		{CE71BC55-B984-4451-AAF0-0519C76CD3E6}.Release|x86.Build.0 = Release|x86
		{CE71BC55-B984-4451-AAF0-0519C76CD3E6}.Release|x86.Deploy.0 = Release|x86
	EndGlobalSection
	GlobalSection(SolutionProperties) = preSolution
		HideSolutionNode = FALSE
	EndGlobalSection
EndGlobal
